# This file is autogenerated, do not edit; changes may be undone by the next 'dep ensure'.


[[projects]]
  digest = "1:9f42202ac457c462ad8bb9642806d275af9ab4850cf0b1960b9c6f083d4a309a"
  name = "github.com/davecgh/go-spew"
  packages = ["spew"]
  pruneopts = "T"
  revision = "8991bc29aa16c548c550c7ff78260e27b9ab7c73"
  version = "v1.1.1"

[[projects]]
  digest = "1:7fc160b460a6fc506b37fcca68332464c3f2cd57b6e3f111f26c5bbfd2d5518e"
  name = "github.com/fsnotify/fsnotify"
  packages = ["."]
  pruneopts = "T"
  revision = "c2828203cd70a50dcccfb2761f8b1f8ceef9a8e9"
  version = "v1.4.7"

[[projects]]
  digest = "1:071bcbf82c289fba4d3f63c876bf4f0ba7eda625cd60795e0a03ccbf949e517a"
  name = "github.com/hashicorp/hcl"
  packages = [
    ".",
    "hcl/ast",
    "hcl/parser",
    "hcl/printer",
    "hcl/scanner",
    "hcl/strconv",
    "hcl/token",
    "json/parser",
    "json/scanner",
    "json/token",
  ]
  pruneopts = "T"
  revision = "8cb6e5b959231cc1119e43259c4a608f9c51a241"
  version = "v1.0.0"

[[projects]]
  digest = "1:8f20c8dd713564fa97299fbcb77d729c6de9c33f3222812a76e6ecfaef80fd61"
  name = "github.com/hpcloud/tail"
  packages = [
    ".",
    "ratelimiter",
    "util",
    "watch",
    "winfile",
  ]
  pruneopts = "T"
  revision = "a30252cb686a21eb2d0b98132633053ec2f7f1e5"
  version = "v1.0.0"

[[projects]]
  digest = "1:870d441fe217b8e689d7949fef6e43efbc787e50f200cb1e70dbca9204a1d6be"
  name = "github.com/inconshreveable/mousetrap"
  packages = ["."]
  pruneopts = "T"
  revision = "76626ae9c91c4f2a10f34cad8ce83ea42c93bb75"
  version = "v1.0"

[[projects]]
  digest = "1:0a69a1c0db3591fcefb47f115b224592c8dfa4368b7ba9fae509d5e16cdc95c8"
  name = "github.com/konsorten/go-windows-terminal-sequences"
  packages = ["."]
  pruneopts = "T"
  revision = "5c8c8bd35d3832f5d134ae1e1e375b69a4d25242"
  version = "v1.0.1"

[[projects]]
  digest = "1:53e8c5c79716437e601696140e8b1801aae4204f4ec54a504333702a49572c4f"
  name = "github.com/magiconair/properties"
  packages = ["."]
  pruneopts = "T"
  revision = "c2353362d570a7bfa228149c62842019201cfb71"
  version = "v1.8.0"

[[projects]]
  digest = "1:5d231480e1c64a726869bc4142d270184c419749d34f167646baa21008eb0a79"
  name = "github.com/mitchellh/go-homedir"
  packages = ["."]
  pruneopts = "T"
  revision = "af06845cf3004701891bf4fdb884bfe4920b3727"
  version = "v1.1.0"

[[projects]]
  digest = "1:53bc4cd4914cd7cd52139990d5170d6dc99067ae31c56530621b18b35fc30318"
  name = "github.com/mitchellh/mapstructure"
  packages = ["."]
  pruneopts = "T"
  revision = "3536a929edddb9a5b34bd6861dc4a9647cb459fe"
  version = "v1.1.2"

[[projects]]
  digest = "1:1de2ef6996903caab4bcf41f7885aa276d8e20076ba52ca80b2c6c32efb9c5f5"
  name = "github.com/onsi/ginkgo"
  packages = [
    ".",
    "config",
    "internal/codelocation",
    "internal/containernode",
    "internal/failer",
    "internal/leafnodes",
    "internal/remote",
    "internal/spec",
    "internal/spec_iterator",
    "internal/specrunner",
    "internal/suite",
    "internal/testingtproxy",
    "internal/writer",
    "reporters",
    "reporters/stenographer",
    "reporters/stenographer/support/go-colorable",
    "reporters/stenographer/support/go-isatty",
    "types",
  ]
  pruneopts = "T"
  revision = "2e1be8f7d90e9d3e3e58b0ce470f2f14d075406f"
  version = "v1.7.0"

[[projects]]
  digest = "1:4f40f5e1925c58d5f9b6a953d1b02f475a6be704e9b5f1a21df6c62c434bde13"
  name = "github.com/onsi/gomega"
  packages = [
    ".",
    "format",
    "internal/assertion",
    "internal/asyncassertion",
    "internal/oraclematcher",
    "internal/testingtsupport",
    "matchers",
    "matchers/support/goraph/bipartitegraph",
    "matchers/support/goraph/edge",
    "matchers/support/goraph/node",
    "matchers/support/goraph/util",
    "types",
  ]
  pruneopts = "T"
  revision = "65fb64232476ad9046e57c26cd0bff3d3a8dc6cd"
  version = "v1.4.3"

[[projects]]
  digest = "1:ccf9949c9c53e85dcb7e2905fc620571422567040925381e6baa62f0b7b850fe"
  name = "github.com/pelletier/go-toml"
  packages = ["."]
  pruneopts = "T"
  revision = "c01d1270ff3e442a8a57cddc1c92dc1138598194"
  version = "v1.2.0"

[[projects]]
  digest = "1:22aa691fe0213cb5c07d103f9effebcb7ad04bee45a0ce5fe5369d0ca2ec3a1f"
  name = "github.com/pmezard/go-difflib"
  packages = ["difflib"]
  pruneopts = "T"
  revision = "792786c7400a136282c1664665ae0a8db921c6c2"
  version = "v1.0.0"

[[projects]]
  digest = "1:e878dfe6e3fb9f3dcd1df02a2fb20ec0cfa2cefb5dc3f09746099a14b91e9774"
  name = "github.com/sirupsen/logrus"
  packages = [
    ".",
    "hooks/test",
  ]
  pruneopts = "T"
  revision = "e1e72e9de974bd926e5c56f83753fba2df402ce5"
  version = "v1.3.0"

[[projects]]
  digest = "1:2c31831b97353515f0bb77a3e7f2df69e50c4173116aad4250e22b1c664a1484"
  name = "github.com/spf13/afero"
  packages = [
    ".",
    "mem",
  ]
  pruneopts = "T"
  revision = "f4711e4db9e9a1d3887343acb72b2bbfc2f686f5"
  version = "v1.2.1"

[[projects]]
  digest = "1:08d65904057412fc0270fc4812a1c90c594186819243160dc779a402d4b6d0bc"
  name = "github.com/spf13/cast"
  packages = ["."]
  pruneopts = "T"
  revision = "8c9545af88b134710ab1cd196795e7f2388358d7"
  version = "v1.3.0"

[[projects]]
  digest = "1:8be8b3743fc9795ec21bbd3e0fc28ff6234018e1a269b0a7064184be95ac13e0"
  name = "github.com/spf13/cobra"
  packages = ["."]
  pruneopts = "T"
  revision = "ef82de70bb3f60c65fb8eebacbb2d122ef517385"
  version = "v0.0.3"

[[projects]]
  digest = "1:68ea4e23713989dc20b1bded5d9da2c5f9be14ff9885beef481848edd18c26cb"
  name = "github.com/spf13/jwalterweatherman"
  packages = ["."]
  pruneopts = "T"
  revision = "4a4406e478ca629068e7768fc33f3f044173c0a6"
  version = "v1.0.0"

[[projects]]
  digest = "1:0f775ea7a72e30d5574267692aaa9ff265aafd15214a7ae7db26bc77f2ca04dc"
  name = "github.com/spf13/pflag"
  packages = ["."]
  pruneopts = "T"
  revision = "298182f68c66c05229eb03ac171abe6e309ee79a"
  version = "v1.0.3"

[[projects]]
  digest = "1:fefab651e5663d271bda04e3fac63e52d642b454ef88dc1b78deca05f267e94e"
  name = "github.com/spf13/viper"
  packages = ["."]
  pruneopts = "T"
  revision = "6d33b5a963d922d182c91e8a1c88d81fd150cfd4"
  version = "v1.3.1"

[[projects]]
  digest = "1:17c4ccf5cdb1627aaaeb5c1725cb13aec97b63ea2033d4a6824dcaedf94223dc"
  name = "github.com/stretchr/testify"
  packages = [
    "assert",
    "require",
  ]
  pruneopts = "T"
  revision = "ffdc059bfe9ce6a4e144ba849dbedead332c6053"
  version = "v1.3.0"

[[projects]]
  branch = "master"
  digest = "1:db3243180740e78b2d22f078368f9e1740740e7f468864f59c0c391159c92b95"
  name = "golang.org/x/crypto"
  packages = ["ssh/terminal"]
  pruneopts = "T"
  revision = "a4c6cb3142f211c99e4bf4cd769535b29a9b616f"

[[projects]]
  branch = "master"
  digest = "1:0db0b6c7b274d9dabc601ad561684eb9920c227935a50bae55299671120c089e"
  name = "golang.org/x/net"
  packages = [
    "html",
    "html/atom",
    "html/charset",
  ]
  pruneopts = "T"
  revision = "3a22650c66bd7f4fb6d1e8072ffd7b75c8a27898"

[[projects]]
  branch = "master"
  digest = "1:e31fcc545740ad6bbfcafd255e5e155e4e7e224b70c5177e6766bbc115dfac8c"
  name = "golang.org/x/sys"
  packages = [
    "unix",
    "windows",
  ]
  pruneopts = "T"
  revision = "629670e5acc5b3e069375d323404911dc8fe1d19"

[[projects]]
  digest = "1:6164911cb5e94e8d8d5131d646613ff82c14f5a8ce869de2f6d80d9889df8c5a"
  name = "golang.org/x/text"
  packages = [
    "encoding",
    "encoding/charmap",
    "encoding/htmlindex",
    "encoding/internal",
    "encoding/internal/identifier",
    "encoding/japanese",
    "encoding/korean",
    "encoding/simplifiedchinese",
    "encoding/traditionalchinese",
    "encoding/unicode",
    "internal/gen",
    "internal/tag",
    "internal/triegen",
    "internal/ucd",
    "internal/utf8internal",
    "language",
    "runes",
    "transform",
    "unicode/cldr",
    "unicode/norm",
  ]
  pruneopts = "T"
  revision = "f21a4dfb5e38f5895301dc265a8def02365cc3d0"
  version = "v0.3.0"

[[projects]]
  digest = "1:7fc160b460a6fc506b37fcca68332464c3f2cd57b6e3f111f26c5bbfd2d5518e"
  name = "gopkg.in/fsnotify.v1"
  packages = ["."]
  pruneopts = "T"
  revision = "c2828203cd70a50dcccfb2761f8b1f8ceef9a8e9"
  source = "gopkg.in/fsnotify/fsnotify.v1"
  version = "v1.4.7"

[[projects]]
  branch = "v1"
  digest = "1:0caa92e17bc0b65a98c63e5bc76a9e844cd5e56493f8fdbb28fad101a16254d9"
  name = "gopkg.in/tomb.v1"
  packages = ["."]
  pruneopts = "T"
  revision = "dd632973f1e7218eb1089048e0798ec9ae7dceb8"

[[projects]]
  digest = "1:4d2e5a73dc1500038e504a8d78b986630e3626dc027bc030ba5c75da257cdb96"
  name = "gopkg.in/yaml.v2"
  packages = ["."]
  pruneopts = "T"
  revision = "51d6538a90f86fe93ac480b35f37b2be17fef232"
  version = "v2.2.2"

[solve-meta]
  analyzer-name = "dep"
  analyzer-version = 1
  input-imports = [
    "github.com/fsnotify/fsnotify",
    "github.com/hashicorp/hcl",
    "github.com/hashicorp/hcl/hcl/printer",
    "github.com/magiconair/properties",
    "github.com/mitchellh/go-homedir",
    "github.com/mitchellh/mapstructure",
    "github.com/onsi/ginkgo",
    "github.com/onsi/gomega",
    "github.com/pelletier/go-toml",
    "github.com/sirupsen/logrus",
    "github.com/sirupsen/logrus/hooks/test",
    "github.com/spf13/afero",
    "github.com/spf13/cast",
    "github.com/spf13/cobra",
    "github.com/spf13/jwalterweatherman",
    "github.com/spf13/pflag",
    "github.com/spf13/viper",
    "github.com/stretchr/testify/assert",
    "github.com/stretchr/testify/require",
    "gopkg.in/yaml.v2",
  ]
  solver-name = "gps-cdcl"
  solver-version = 1
